{
  "originHash" : "eb61b0458d7517de02a053c117cba4fd21ecf0a14163d24b3491c7c33ec6bb7f",
  "pins" : [
    {
      "identity" : "combinecocoa",
      "kind" : "remoteSourceControl",
      "location" : "https://github.com/CombineCommunity/CombineCocoa",
      "state" : {
        "revision" : "7300c75ff9e072aa7fd0fccefcc88f74aae9bf56",
        "version" : "0.4.1"
      }
    },
    {
      "identity" : "grdb.swift",
      "kind" : "remoteSourceControl",
      "location" : "https://github.com/groue/GRDB.swift",
      "state" : {
        "revision" : "ea6d8e0123b0db79cd3cf736f5d9798a89839c51",
        "version" : "7.1.0"
      }
    },
    {
      "identity" : "swiftlintplugins",
      "kind" : "remoteSourceControl",
      "location" : "https://github.com/SimplyDanny/SwiftLintPlugins",
      "state" : {
        "revision" : "7a3d77f3dd9f91d5cea138e52c20cfceabf352de",
        "version" : "0.58.2"
      }
    }
  ],
  "version" : 3
}
